{
  "originHash" : "5b4828205c69687c5aa581da3ace2ae0fd0d79563067ae78c68556dc618bb14d",
  "pins" : [
    {
      "identity" : "swift-log",
      "kind" : "remoteSourceControl",
      "location" : "https://github.com/apple/swift-log.git",
      "state" : {
        "revision" : "96a2f8a0fa41e9e09af4585e2724c4e825410b91",
        "version" : "1.6.2"
      }
    },
    {
      "identity" : "swift-vips",
      "kind" : "remoteSourceControl",
      "location" : "https://github.com/t089/swift-vips",
      "state" : {
        "revision" : "cff51124934aeaf27d24a7f3ed55dddb1e09e600",
        "version" : "0.0.1"
      }
    }
  ],
  "version" : 3
}
